
Microsoft Visual Studio Solution File, Format Version 12.00
# Visual Studio Version 16
VisualStudioVersion = 16.0.31424.327
MinimumVisualStudioVersion = 10.0.40219.1
Project("{9A19103F-16F7-4668-BE54-9A1E7A4F7556}") = "Akeraiotitasoft.Command.Abstractions", "src\Akeraiotitasoft.Command.Abstractions\Akeraiotitasoft.Command.Abstractions.csproj", "{B5515E1C-CCF5-45BE-8BC8-5CBAF4586E96}"
EndProject
Project("{9A19103F-16F7-4668-BE54-9A1E7A4F7556}") = "Akeraiotitasoft.Command", "src\Akeraiotitasoft.Command\Akeraiotitasoft.Command.csproj", "{4E37EB78-4C20-4B78-9C30-A3637909EDE9}"
EndProject
Global
	GlobalSection(SolutionConfigurationPlatforms) = preSolution
		Debug|Any CPU = Debug|Any CPU
		Release|Any CPU = Release|Any CPU
	EndGlobalSection
	GlobalSection(ProjectConfigurationPlatforms) = postSolution
		{B5515E1C-CCF5-45BE-8BC8-5CBAF4586E96}.Debug|Any CPU.ActiveCfg = Debug|Any CPU
		{B5515E1C-CCF5-45BE-8BC8-5CBAF4586E96}.Debug|Any CPU.Build.0 = Debug|Any CPU
		{B5515E1C-CCF5-45BE-8BC8-5CBAF4586E96}.Release|Any CPU.ActiveCfg = Release|Any CPU
		{B5515E1C-CCF5-45BE-8BC8-5CBAF4586E96}.Release|Any CPU.Build.0 = Release|Any CPU
		{4E37EB78-4C20-4B78-9C30-A3637909EDE9}.Debug|Any CPU.ActiveCfg = Debug|Any CPU
		{4E37EB78-4C20-4B78-9C30-A3637909EDE9}.Debug|Any CPU.Build.0 = Debug|Any CPU
		{4E37EB78-4C20-4B78-9C30-A3637909EDE9}.Release|Any CPU.ActiveCfg = Release|Any CPU
		{4E37EB78-4C20-4B78-9C30-A3637909EDE9}.Release|Any CPU.Build.0 = Release|Any CPU
	EndGlobalSection
	GlobalSection(SolutionProperties) = preSolution
		HideSolutionNode = FALSE
	EndGlobalSection
	GlobalSection(ExtensibilityGlobals) = postSolution
		SolutionGuid = {B271CB5D-AF98-45B4-AAC3-0B71F29E96A0}
	EndGlobalSection
EndGlobal
